PODS:
  - Firebase/Core (3.13.0):
    - FirebaseAnalytics (= 3.7.0)
    - FirebaseCore (= 3.5.0)
  - Firebase/Storage (3.13.0):
    - Firebase/Core
    - FirebaseStorage (= 1.0.6)
  - FirebaseAnalytics (3.7.0):
    - FirebaseCore (~> 3.5)
    - FirebaseInstanceID (~> 1.0)
    - GoogleToolboxForMac/NSData+zlib (~> 2.1)
  - FirebaseCore (3.5.0):
    - GoogleToolboxForMac/NSData+zlib (~> 2.1)
  - FirebaseInstanceID (1.0.9)
  - FirebaseStorage (1.0.6):
    - FirebaseAnalytics (~> 3.7)
    - GTMSessionFetcher/Core (~> 1.1)
  - GoogleToolboxForMac/Defines (2.1.1)
  - GoogleToolboxForMac/NSData+zlib (2.1.1):
    - GoogleToolboxForMac/Defines (= 2.1.1)
  - GTMSessionFetcher/Core (1.1.8)

DEPENDENCIES:
  - Firebase/Core
  - Firebase/Storage

SPEC CHECKSUMS:
  Firebase: 5bc34d7b5ff5792e3386c8b28dc6265deeab0da4
  FirebaseAnalytics: 0d1b7d81d5021155be37702a94ba1ec16d45365d
  FirebaseCore: 1c0a13bf59bb95cdd19577252499f0ec6a03e999
  FirebaseInstanceID: 2d0518b1378fe9d685ef40cbdd63d2fdc1125339
  FirebaseStorage: 63628572a5fde258f8e933b5fb42697468da0158
  GoogleToolboxForMac: 8e329f1b599f2512c6b10676d45736bcc2cbbeb0
  GTMSessionFetcher: 6f8d8b28b7e345549ac471071608170b31cb4977

PODFILE CHECKSUM: 6c3e6bc2396bcc87fd4f82b1b3b421f102fd7916

COCOAPODS: 1.3.1
